// !$*UTF8*$!
{
	archiveVersion = 1;
	classes = {
	};
	objectVersion = 50;
	objects = {

/* Begin PBXBuildFile section */
		B4283C882797F0ED0022915F /* ReviewPageView.swift in Sources */ = {isa = PBXBuildFile; fileRef = B4283C872797F0ED0022915F /* ReviewPageView.swift */; };
		B449212E277C411D0091A9FE /* FooterView.swift in Sources */ = {isa = PBXBuildFile; fileRef = B449212D277C411D0091A9FE /* FooterView.swift */; };
		B4492131277C45A10091A9FE /* MakeTransactionView.swift in Sources */ = {isa = PBXBuildFile; fileRef = B4492130277C45A10091A9FE /* MakeTransactionView.swift */; };
		B4492133277E6F380091A9FE /* HeaderView.swift in Sources */ = {isa = PBXBuildFile; fileRef = B4492132277E6F380091A9FE /* HeaderView.swift */; };
		B4492135277E6F9E0091A9FE /* SocialMediaHeaderView.swift in Sources */ = {isa = PBXBuildFile; fileRef = B4492134277E6F9E0091A9FE /* SocialMediaHeaderView.swift */; };
		B4492138277E729E0091A9FE /* SubviewBar.swift in Sources */ = {isa = PBXBuildFile; fileRef = B4492137277E729E0091A9FE /* SubviewBar.swift */; };
		B449213B27841BD90091A9FE /* BuyView.swift in Sources */ = {isa = PBXBuildFile; fileRef = B449213A27841BD90091A9FE /* BuyView.swift */; };
		B449213E27841CDA0091A9FE /* SendView.swift in Sources */ = {isa = PBXBuildFile; fileRef = B449213D27841CDA0091A9FE /* SendView.swift */; };
		B449214127841CFD0091A9FE /* SwapView.swift in Sources */ = {isa = PBXBuildFile; fileRef = B449214027841CFD0091A9FE /* SwapView.swift */; };
		B449214427841D1C0091A9FE /* EarnView.swift in Sources */ = {isa = PBXBuildFile; fileRef = B449214327841D1C0091A9FE /* EarnView.swift */; };
		B449214727841D510091A9FE /* BankingView.swift in Sources */ = {isa = PBXBuildFile; fileRef = B449214627841D510091A9FE /* BankingView.swift */; };
		B45080F3279CA02B00704520 /* CoinDetailsView.swift in Sources */ = {isa = PBXBuildFile; fileRef = B45080F2279CA02A00704520 /* CoinDetailsView.swift */; };
		B45080F5279CB04800704520 /* SavingsView.swift in Sources */ = {isa = PBXBuildFile; fileRef = B45080F4279CB04800704520 /* SavingsView.swift */; };
		B45080F7279CB0BC00704520 /* CommunityView.swift in Sources */ = {isa = PBXBuildFile; fileRef = B45080F6279CB0BC00704520 /* CommunityView.swift */; };
		B478394B27627E8A001AA431 /* HoldingsSubView.swift in Sources */ = {isa = PBXBuildFile; fileRef = B478394A27627E8A001AA431 /* HoldingsSubView.swift */; };
		B478394D27628068001AA431 /* ActivitiesSubView.swift in Sources */ = {isa = PBXBuildFile; fileRef = B478394C27628068001AA431 /* ActivitiesSubView.swift */; };
		B478394F2762A404001AA431 /* CollectionSubView.swift in Sources */ = {isa = PBXBuildFile; fileRef = B478394E2762A404001AA431 /* CollectionSubView.swift */; };
		B4AD380927790EF700590A76 /* CollectionItem.swift in Sources */ = {isa = PBXBuildFile; fileRef = B4AD380827790EF700590A76 /* CollectionItem.swift */; };
		B4AD380E2779168B00590A76 /* ActivityItem.swift in Sources */ = {isa = PBXBuildFile; fileRef = B4AD380D2779168B00590A76 /* ActivityItem.swift */; };
		B4AD3811277B913D00590A76 /* homepageView.swift in Sources */ = {isa = PBXBuildFile; fileRef = B4AD3810277B913D00590A76 /* homepageView.swift */; };
		B4AD3816277B947800590A76 /* coins.swift in Sources */ = {isa = PBXBuildFile; fileRef = B4AD3815277B947800590A76 /* coins.swift */; };
		B4AD3818277B952900590A76 /* Savings.swift in Sources */ = {isa = PBXBuildFile; fileRef = B4AD3817277B952900590A76 /* Savings.swift */; };
		B4AD381A277B969200590A76 /* SavingItem.swift in Sources */ = {isa = PBXBuildFile; fileRef = B4AD3819277B969200590A76 /* SavingItem.swift */; };
		B4AD381C277B96E300590A76 /* coinItem.swift in Sources */ = {isa = PBXBuildFile; fileRef = B4AD381B277B96E300590A76 /* coinItem.swift */; };
		B4C45755275869D30012C257 /* AppDelegate.swift in Sources */ = {isa = PBXBuildFile; fileRef = B4C45754275869D30012C257 /* AppDelegate.swift */; };
		B4C45757275869D30012C257 /* SceneDelegate.swift in Sources */ = {isa = PBXBuildFile; fileRef = B4C45756275869D30012C257 /* SceneDelegate.swift */; };
		B4C45759275869D30012C257 /* ContentView.swift in Sources */ = {isa = PBXBuildFile; fileRef = B4C45758275869D30012C257 /* ContentView.swift */; };
		B4C4575B275869D50012C257 /* Assets.xcassets in Resources */ = {isa = PBXBuildFile; fileRef = B4C4575A275869D50012C257 /* Assets.xcassets */; };
		B4C4575E275869D50012C257 /* Preview Assets.xcassets in Resources */ = {isa = PBXBuildFile; fileRef = B4C4575D275869D50012C257 /* Preview Assets.xcassets */; };
		B4C45761275869D50012C257 /* LaunchScreen.storyboard in Resources */ = {isa = PBXBuildFile; fileRef = B4C4575F275869D50012C257 /* LaunchScreen.storyboard */; };
		B4C4576C275869D50012C257 /* metapassTests.swift in Sources */ = {isa = PBXBuildFile; fileRef = B4C4576B275869D50012C257 /* metapassTests.swift */; };
		B4C45777275869D50012C257 /* metapassUITests.swift in Sources */ = {isa = PBXBuildFile; fileRef = B4C45776275869D50012C257 /* metapassUITests.swift */; };
/* End PBXBuildFile section */

/* Begin PBXContainerItemProxy section */
		B4C45768275869D50012C257 /* PBXContainerItemProxy */ = {
			isa = PBXContainerItemProxy;
			containerPortal = B4C45749275869D30012C257 /* Project object */;
			proxyType = 1;
			remoteGlobalIDString = B4C45750275869D30012C257;
			remoteInfo = metapass;
		};
		B4C45773275869D50012C257 /* PBXContainerItemProxy */ = {
			isa = PBXContainerItemProxy;
			containerPortal = B4C45749275869D30012C257 /* Project object */;
			proxyType = 1;
			remoteGlobalIDString = B4C45750275869D30012C257;
			remoteInfo = metapass;
		};
/* End PBXContainerItemProxy section */

/* Begin PBXFileReference section */
		B4283C872797F0ED0022915F /* ReviewPageView.swift */ = {isa = PBXFileReference; lastKnownFileType = sourcecode.swift; path = ReviewPageView.swift; sourceTree = "<group>"; };
		B449212D277C411D0091A9FE /* FooterView.swift */ = {isa = PBXFileReference; lastKnownFileType = sourcecode.swift; path = FooterView.swift; sourceTree = "<group>"; };
		B4492130277C45A10091A9FE /* MakeTransactionView.swift */ = {isa = PBXFileReference; lastKnownFileType = sourcecode.swift; path = MakeTransactionView.swift; sourceTree = "<group>"; };
		B4492132277E6F380091A9FE /* HeaderView.swift */ = {isa = PBXFileReference; lastKnownFileType = sourcecode.swift; path = HeaderView.swift; sourceTree = "<group>"; };
		B4492134277E6F9E0091A9FE /* SocialMediaHeaderView.swift */ = {isa = PBXFileReference; lastKnownFileType = sourcecode.swift; path = SocialMediaHeaderView.swift; sourceTree = "<group>"; };
		B4492137277E729E0091A9FE /* SubviewBar.swift */ = {isa = PBXFileReference; lastKnownFileType = sourcecode.swift; path = SubviewBar.swift; sourceTree = "<group>"; };
		B449213A27841BD90091A9FE /* BuyView.swift */ = {isa = PBXFileReference; lastKnownFileType = sourcecode.swift; path = BuyView.swift; sourceTree = "<group>"; };
		B449213D27841CDA0091A9FE /* SendView.swift */ = {isa = PBXFileReference; lastKnownFileType = sourcecode.swift; path = SendView.swift; sourceTree = "<group>"; };
		B449214027841CFD0091A9FE /* SwapView.swift */ = {isa = PBXFileReference; lastKnownFileType = sourcecode.swift; path = SwapView.swift; sourceTree = "<group>"; };
		B449214327841D1C0091A9FE /* EarnView.swift */ = {isa = PBXFileReference; lastKnownFileType = sourcecode.swift; path = EarnView.swift; sourceTree = "<group>"; };
		B449214627841D510091A9FE /* BankingView.swift */ = {isa = PBXFileReference; lastKnownFileType = sourcecode.swift; path = BankingView.swift; sourceTree = "<group>"; };
		B45080F2279CA02A00704520 /* CoinDetailsView.swift */ = {isa = PBXFileReference; lastKnownFileType = sourcecode.swift; path = CoinDetailsView.swift; sourceTree = "<group>"; };
		B45080F4279CB04800704520 /* SavingsView.swift */ = {isa = PBXFileReference; lastKnownFileType = sourcecode.swift; path = SavingsView.swift; sourceTree = "<group>"; };
		B45080F6279CB0BC00704520 /* CommunityView.swift */ = {isa = PBXFileReference; lastKnownFileType = sourcecode.swift; path = CommunityView.swift; sourceTree = "<group>"; };
		B478394A27627E8A001AA431 /* HoldingsSubView.swift */ = {isa = PBXFileReference; lastKnownFileType = sourcecode.swift; path = HoldingsSubView.swift; sourceTree = "<group>"; };
		B478394C27628068001AA431 /* ActivitiesSubView.swift */ = {isa = PBXFileReference; lastKnownFileType = sourcecode.swift; path = ActivitiesSubView.swift; sourceTree = "<group>"; };
		B478394E2762A404001AA431 /* CollectionSubView.swift */ = {isa = PBXFileReference; lastKnownFileType = sourcecode.swift; path = CollectionSubView.swift; sourceTree = "<group>"; };
		B4AD380827790EF700590A76 /* CollectionItem.swift */ = {isa = PBXFileReference; lastKnownFileType = sourcecode.swift; path = CollectionItem.swift; sourceTree = "<group>"; };
		B4AD380D2779168B00590A76 /* ActivityItem.swift */ = {isa = PBXFileReference; lastKnownFileType = sourcecode.swift; path = ActivityItem.swift; sourceTree = "<group>"; };
		B4AD3810277B913D00590A76 /* homepageView.swift */ = {isa = PBXFileReference; lastKnownFileType = sourcecode.swift; path = homepageView.swift; sourceTree = "<group>"; };
		B4AD3815277B947800590A76 /* coins.swift */ = {isa = PBXFileReference; lastKnownFileType = sourcecode.swift; path = coins.swift; sourceTree = "<group>"; };
		B4AD3817277B952900590A76 /* Savings.swift */ = {isa = PBXFileReference; lastKnownFileType = sourcecode.swift; path = Savings.swift; sourceTree = "<group>"; };
		B4AD3819277B969200590A76 /* SavingItem.swift */ = {isa = PBXFileReference; lastKnownFileType = sourcecode.swift; path = SavingItem.swift; sourceTree = "<group>"; };
		B4AD381B277B96E300590A76 /* coinItem.swift */ = {isa = PBXFileReference; lastKnownFileType = sourcecode.swift; path = coinItem.swift; sourceTree = "<group>"; };
		B4C45751275869D30012C257 /* metapass.app */ = {isa = PBXFileReference; explicitFileType = wrapper.application; includeInIndex = 0; path = metapass.app; sourceTree = BUILT_PRODUCTS_DIR; };
		B4C45754275869D30012C257 /* AppDelegate.swift */ = {isa = PBXFileReference; lastKnownFileType = sourcecode.swift; path = AppDelegate.swift; sourceTree = "<group>"; };
		B4C45756275869D30012C257 /* SceneDelegate.swift */ = {isa = PBXFileReference; lastKnownFileType = sourcecode.swift; path = SceneDelegate.swift; sourceTree = "<group>"; };
		B4C45758275869D30012C257 /* ContentView.swift */ = {isa = PBXFileReference; lastKnownFileType = sourcecode.swift; path = ContentView.swift; sourceTree = "<group>"; };
		B4C4575A275869D50012C257 /* Assets.xcassets */ = {isa = PBXFileReference; lastKnownFileType = folder.assetcatalog; path = Assets.xcassets; sourceTree = "<group>"; };
		B4C4575D275869D50012C257 /* Preview Assets.xcassets */ = {isa = PBXFileReference; lastKnownFileType = folder.assetcatalog; path = "Preview Assets.xcassets"; sourceTree = "<group>"; };
		B4C45760275869D50012C257 /* Base */ = {isa = PBXFileReference; lastKnownFileType = file.storyboard; name = Base; path = Base.lproj/LaunchScreen.storyboard; sourceTree = "<group>"; };
		B4C45762275869D50012C257 /* Info.plist */ = {isa = PBXFileReference; lastKnownFileType = text.plist.xml; path = Info.plist; sourceTree = "<group>"; };
		B4C45767275869D50012C257 /* metapassTests.xctest */ = {isa = PBXFileReference; explicitFileType = wrapper.cfbundle; includeInIndex = 0; path = metapassTests.xctest; sourceTree = BUILT_PRODUCTS_DIR; };
		B4C4576B275869D50012C257 /* metapassTests.swift */ = {isa = PBXFileReference; lastKnownFileType = sourcecode.swift; path = metapassTests.swift; sourceTree = "<group>"; };
		B4C4576D275869D50012C257 /* Info.plist */ = {isa = PBXFileReference; lastKnownFileType = text.plist.xml; path = Info.plist; sourceTree = "<group>"; };
		B4C45772275869D50012C257 /* metapassUITests.xctest */ = {isa = PBXFileReference; explicitFileType = wrapper.cfbundle; includeInIndex = 0; path = metapassUITests.xctest; sourceTree = BUILT_PRODUCTS_DIR; };
		B4C45776275869D50012C257 /* metapassUITests.swift */ = {isa = PBXFileReference; lastKnownFileType = sourcecode.swift; path = metapassUITests.swift; sourceTree = "<group>"; };
		B4C45778275869D50012C257 /* Info.plist */ = {isa = PBXFileReference; lastKnownFileType = text.plist.xml; path = Info.plist; sourceTree = "<group>"; };
/* End PBXFileReference section */

/* Begin PBXFrameworksBuildPhase section */
		B4C4574E275869D30012C257 /* Frameworks */ = {
			isa = PBXFrameworksBuildPhase;
			buildActionMask = 2147483647;
			files = (
			);
			runOnlyForDeploymentPostprocessing = 0;
		};
		B4C45764275869D50012C257 /* Frameworks */ = {
			isa = PBXFrameworksBuildPhase;
			buildActionMask = 2147483647;
			files = (
			);
			runOnlyForDeploymentPostprocessing = 0;
		};
		B4C4576F275869D50012C257 /* Frameworks */ = {
			isa = PBXFrameworksBuildPhase;
			buildActionMask = 2147483647;
			files = (
			);
			runOnlyForDeploymentPostprocessing = 0;
		};
/* End PBXFrameworksBuildPhase section */

/* Begin PBXGroup section */
		B449212F277C45810091A9FE /* transactionViews */ = {
			isa = PBXGroup;
			children = (
				B449214527841D400091A9FE /* bankingViews */,
				B449214227841D0A0091A9FE /* earnViews */,
				B449213F27841CE60091A9FE /* swapViews */,
				B449213C27841CCC0091A9FE /* sendViews */,
				B449213927841BBE0091A9FE /* buyingViews */,
				B4492130277C45A10091A9FE /* MakeTransactionView.swift */,
				B4283C872797F0ED0022915F /* ReviewPageView.swift */,
			);
			path = transactionViews;
			sourceTree = "<group>";
		};
		B449213927841BBE0091A9FE /* buyingViews */ = {
			isa = PBXGroup;
			children = (
				B449213A27841BD90091A9FE /* BuyView.swift */,
			);
			path = buyingViews;
			sourceTree = "<group>";
		};
		B449213C27841CCC0091A9FE /* sendViews */ = {
			isa = PBXGroup;
			children = (
				B449213D27841CDA0091A9FE /* SendView.swift */,
			);
			path = sendViews;
			sourceTree = "<group>";
		};
		B449213F27841CE60091A9FE /* swapViews */ = {
			isa = PBXGroup;
			children = (
				B449214027841CFD0091A9FE /* SwapView.swift */,
			);
			path = swapViews;
			sourceTree = "<group>";
		};
		B449214227841D0A0091A9FE /* earnViews */ = {
			isa = PBXGroup;
			children = (
				B449214327841D1C0091A9FE /* EarnView.swift */,
			);
			path = earnViews;
			sourceTree = "<group>";
		};
		B449214527841D400091A9FE /* bankingViews */ = {
			isa = PBXGroup;
			children = (
				B449214627841D510091A9FE /* BankingView.swift */,
			);
			path = bankingViews;
			sourceTree = "<group>";
		};
		B4AD380A27790F2700590A76 /* holdingsViews */ = {
			isa = PBXGroup;
			children = (
				B478394A27627E8A001AA431 /* HoldingsSubView.swift */,
				B4AD381B277B96E300590A76 /* coinItem.swift */,
				B4AD3815277B947800590A76 /* coins.swift */,
				B4AD3817277B952900590A76 /* Savings.swift */,
				B4AD3819277B969200590A76 /* SavingItem.swift */,
			);
			path = holdingsViews;
			sourceTree = "<group>";
		};
		B4AD380B27790F3600590A76 /* activitesViews */ = {
			isa = PBXGroup;
			children = (
				B478394C27628068001AA431 /* ActivitiesSubView.swift */,
				B4AD380D2779168B00590A76 /* ActivityItem.swift */,
			);
			path = activitesViews;
			sourceTree = "<group>";
		};
		B4AD380C27790F6500590A76 /* collectionsViews */ = {
			isa = PBXGroup;
			children = (
				B478394E2762A404001AA431 /* CollectionSubView.swift */,
				B4AD380827790EF700590A76 /* CollectionItem.swift */,
			);
			path = collectionsViews;
			sourceTree = "<group>";
		};
		B4AD380F277B910500590A76 /* homepageViews */ = {
			isa = PBXGroup;
			children = (
				B4AD380A27790F2700590A76 /* holdingsViews */,
				B4AD380C27790F6500590A76 /* collectionsViews */,
				B4AD380B27790F3600590A76 /* activitesViews */,
				B4AD3812277B930900590A76 /* homepageSubviews */,
				B4AD3810277B913D00590A76 /* homepageView.swift */,
				B449212D277C411D0091A9FE /* FooterView.swift */,
				B45080F4279CB04800704520 /* SavingsView.swift */,
				B4492134277E6F9E0091A9FE /* SocialMediaHeaderView.swift */,
				B45080F6279CB0BC00704520 /* CommunityView.swift */,
				B4492132277E6F380091A9FE /* HeaderView.swift */,
				B4492137277E729E0091A9FE /* SubviewBar.swift */,
				B45080F2279CA02A00704520 /* CoinDetailsView.swift */,
			);
			path = homepageViews;
			sourceTree = "<group>";
		};
		B4AD3812277B930900590A76 /* homepageSubviews */ = {
			isa = PBXGroup;
			children = (
			);
			path = homepageSubviews;
			sourceTree = "<group>";
		};
		B4C45748275869D30012C257 = {
			isa = PBXGroup;
			children = (
				B4C45753275869D30012C257 /* metapass */,
				B4C4576A275869D50012C257 /* metapassTests */,
				B4C45775275869D50012C257 /* metapassUITests */,
				B4C45752275869D30012C257 /* Products */,
			);
			sourceTree = "<group>";
		};
		B4C45752275869D30012C257 /* Products */ = {
			isa = PBXGroup;
			children = (
				B4C45751275869D30012C257 /* metapass.app */,
				B4C45767275869D50012C257 /* metapassTests.xctest */,
				B4C45772275869D50012C257 /* metapassUITests.xctest */,
			);
			name = Products;
			sourceTree = "<group>";
		};
		B4C45753275869D30012C257 /* metapass */ = {
			isa = PBXGroup;
			children = (
				B4C45754275869D30012C257 /* AppDelegate.swift */,
				B4C45756275869D30012C257 /* SceneDelegate.swift */,
				B4C45758275869D30012C257 /* ContentView.swift */,
				B4C4575A275869D50012C257 /* Assets.xcassets */,
				B449212F277C45810091A9FE /* transactionViews */,
				B4AD380F277B910500590A76 /* homepageViews */,
				B4C4575F275869D50012C257 /* LaunchScreen.storyboard */,
				B4C45762275869D50012C257 /* Info.plist */,
				B4C4575C275869D50012C257 /* Preview Content */,
			);
			path = metapass;
			sourceTree = "<group>";
		};
		B4C4575C275869D50012C257 /* Preview Content */ = {
			isa = PBXGroup;
			children = (
				B4C4575D275869D50012C257 /* Preview Assets.xcassets */,
			);
			path = "Preview Content";
			sourceTree = "<group>";
		};
		B4C4576A275869D50012C257 /* metapassTests */ = {
			isa = PBXGroup;
			children = (
				B4C4576B275869D50012C257 /* metapassTests.swift */,
				B4C4576D275869D50012C257 /* Info.plist */,
			);
			path = metapassTests;
			sourceTree = "<group>";
		};
		B4C45775275869D50012C257 /* metapassUITests */ = {
			isa = PBXGroup;
			children = (
				B4C45776275869D50012C257 /* metapassUITests.swift */,
				B4C45778275869D50012C257 /* Info.plist */,
			);
			path = metapassUITests;
			sourceTree = "<group>";
		};
/* End PBXGroup section */

/* Begin PBXNativeTarget section */
		B4C45750275869D30012C257 /* metapass */ = {
			isa = PBXNativeTarget;
			buildConfigurationList = B4C4577B275869D50012C257 /* Build configuration list for PBXNativeTarget "metapass" */;
			buildPhases = (
				B4C4574D275869D30012C257 /* Sources */,
				B4C4574E275869D30012C257 /* Frameworks */,
				B4C4574F275869D30012C257 /* Resources */,
			);
			buildRules = (
			);
			dependencies = (
			);
			name = metapass;
			productName = metapass;
			productReference = B4C45751275869D30012C257 /* metapass.app */;
			productType = "com.apple.product-type.application";
		};
		B4C45766275869D50012C257 /* metapassTests */ = {
			isa = PBXNativeTarget;
			buildConfigurationList = B4C4577E275869D50012C257 /* Build configuration list for PBXNativeTarget "metapassTests" */;
			buildPhases = (
				B4C45763275869D50012C257 /* Sources */,
				B4C45764275869D50012C257 /* Frameworks */,
				B4C45765275869D50012C257 /* Resources */,
			);
			buildRules = (
			);
			dependencies = (
				B4C45769275869D50012C257 /* PBXTargetDependency */,
			);
			name = metapassTests;
			productName = metapassTests;
			productReference = B4C45767275869D50012C257 /* metapassTests.xctest */;
			productType = "com.apple.product-type.bundle.unit-test";
		};
		B4C45771275869D50012C257 /* metapassUITests */ = {
			isa = PBXNativeTarget;
			buildConfigurationList = B4C45781275869D50012C257 /* Build configuration list for PBXNativeTarget "metapassUITests" */;
			buildPhases = (
				B4C4576E275869D50012C257 /* Sources */,
				B4C4576F275869D50012C257 /* Frameworks */,
				B4C45770275869D50012C257 /* Resources */,
			);
			buildRules = (
			);
			dependencies = (
				B4C45774275869D50012C257 /* PBXTargetDependency */,
			);
			name = metapassUITests;
			productName = metapassUITests;
			productReference = B4C45772275869D50012C257 /* metapassUITests.xctest */;
			productType = "com.apple.product-type.bundle.ui-testing";
		};
/* End PBXNativeTarget section */

/* Begin PBXProject section */
		B4C45749275869D30012C257 /* Project object */ = {
			isa = PBXProject;
			attributes = {
				LastSwiftUpdateCheck = 1250;
				LastUpgradeCheck = 1250;
				TargetAttributes = {
					B4C45750275869D30012C257 = {
						CreatedOnToolsVersion = 12.5.1;
					};
					B4C45766275869D50012C257 = {
						CreatedOnToolsVersion = 12.5.1;
						TestTargetID = B4C45750275869D30012C257;
					};
					B4C45771275869D50012C257 = {
						CreatedOnToolsVersion = 12.5.1;
						TestTargetID = B4C45750275869D30012C257;
					};
				};
			};
			buildConfigurationList = B4C4574C275869D30012C257 /* Build configuration list for PBXProject "metapass" */;
			compatibilityVersion = "Xcode 9.3";
			developmentRegion = en;
			hasScannedForEncodings = 0;
			knownRegions = (
				en,
				Base,
			);
			mainGroup = B4C45748275869D30012C257;
			productRefGroup = B4C45752275869D30012C257 /* Products */;
			projectDirPath = "";
			projectRoot = "";
			targets = (
				B4C45750275869D30012C257 /* metapass */,
				B4C45766275869D50012C257 /* metapassTests */,
				B4C45771275869D50012C257 /* metapassUITests */,
			);
		};
/* End PBXProject section */

/* Begin PBXResourcesBuildPhase section */
		B4C4574F275869D30012C257 /* Resources */ = {
			isa = PBXResourcesBuildPhase;
			buildActionMask = 2147483647;
			files = (
				B4C45761275869D50012C257 /* LaunchScreen.storyboard in Resources */,
				B4C4575E275869D50012C257 /* Preview Assets.xcassets in Resources */,
				B4C4575B275869D50012C257 /* Assets.xcassets in Resources */,
			);
			runOnlyForDeploymentPostprocessing = 0;
		};
		B4C45765275869D50012C257 /* Resources */ = {
			isa = PBXResourcesBuildPhase;
			buildActionMask = 2147483647;
			files = (
			);
			runOnlyForDeploymentPostprocessing = 0;
		};
		B4C45770275869D50012C257 /* Resources */ = {
			isa = PBXResourcesBuildPhase;
			buildActionMask = 2147483647;
			files = (
			);
			runOnlyForDeploymentPostprocessing = 0;
		};
/* End PBXResourcesBuildPhase section */

/* Begin PBXSourcesBuildPhase section */
		B4C4574D275869D30012C257 /* Sources */ = {
			isa = PBXSourcesBuildPhase;
			buildActionMask = 2147483647;
			files = (
				B4C45755275869D30012C257 /* AppDelegate.swift in Sources */,
				B4283C882797F0ED0022915F /* ReviewPageView.swift in Sources */,
				B449212E277C411D0091A9FE /* FooterView.swift in Sources */,
				B4492135277E6F9E0091A9FE /* SocialMediaHeaderView.swift in Sources */,
				B45080F5279CB04800704520 /* SavingsView.swift in Sources */,
				B45080F7279CB0BC00704520 /* CommunityView.swift in Sources */,
				B4AD380E2779168B00590A76 /* ActivityItem.swift in Sources */,
				B449214127841CFD0091A9FE /* SwapView.swift in Sources */,
				B4AD3816277B947800590A76 /* coins.swift in Sources */,
				B4AD380927790EF700590A76 /* CollectionItem.swift in Sources */,
				B478394B27627E8A001AA431 /* HoldingsSubView.swift in Sources */,
				B4492138277E729E0091A9FE /* SubviewBar.swift in Sources */,
				B449213B27841BD90091A9FE /* BuyView.swift in Sources */,
				B4AD3811277B913D00590A76 /* homepageView.swift in Sources */,
				B4492131277C45A10091A9FE /* MakeTransactionView.swift in Sources */,
				B4C45757275869D30012C257 /* SceneDelegate.swift in Sources */,
				B4AD381C277B96E300590A76 /* coinItem.swift in Sources */,
				B449214427841D1C0091A9FE /* EarnView.swift in Sources */,
				B478394F2762A404001AA431 /* CollectionSubView.swift in Sources */,
				B45080F3279CA02B00704520 /* CoinDetailsView.swift in Sources */,
				B4AD3818277B952900590A76 /* Savings.swift in Sources */,
				B478394D27628068001AA431 /* ActivitiesSubView.swift in Sources */,
				B4AD381A277B969200590A76 /* SavingItem.swift in Sources */,
				B4C45759275869D30012C257 /* ContentView.swift in Sources */,
				B449213E27841CDA0091A9FE /* SendView.swift in Sources */,
				B449214727841D510091A9FE /* BankingView.swift in Sources */,
				B4492133277E6F380091A9FE /* HeaderView.swift in Sources */,
			);
			runOnlyForDeploymentPostprocessing = 0;
		};
		B4C45763275869D50012C257 /* Sources */ = {
			isa = PBXSourcesBuildPhase;
			buildActionMask = 2147483647;
			files = (
				B4C4576C275869D50012C257 /* metapassTests.swift in Sources */,
			);
			runOnlyForDeploymentPostprocessing = 0;
		};
		B4C4576E275869D50012C257 /* Sources */ = {
			isa = PBXSourcesBuildPhase;
			buildActionMask = 2147483647;
			files = (
				B4C45777275869D50012C257 /* metapassUITests.swift in Sources */,
			);
			runOnlyForDeploymentPostprocessing = 0;
		};
/* End PBXSourcesBuildPhase section */

/* Begin PBXTargetDependency section */
		B4C45769275869D50012C257 /* PBXTargetDependency */ = {
			isa = PBXTargetDependency;
			target = B4C45750275869D30012C257 /* metapass */;
			targetProxy = B4C45768275869D50012C257 /* PBXContainerItemProxy */;
		};
		B4C45774275869D50012C257 /* PBXTargetDependency */ = {
			isa = PBXTargetDependency;
			target = B4C45750275869D30012C257 /* metapass */;
			targetProxy = B4C45773275869D50012C257 /* PBXContainerItemProxy */;
		};
/* End PBXTargetDependency section */

/* Begin PBXVariantGroup section */
		B4C4575F275869D50012C257 /* LaunchScreen.storyboard */ = {
			isa = PBXVariantGroup;
			children = (
				B4C45760275869D50012C257 /* Base */,
			);
			name = LaunchScreen.storyboard;
			sourceTree = "<group>";
		};
/* End PBXVariantGroup section */

/* Begin XCBuildConfiguration section */
		B4C45779275869D50012C257 /* Debug */ = {
			isa = XCBuildConfiguration;
			buildSettings = {
				ALWAYS_SEARCH_USER_PATHS = NO;
				CLANG_ANALYZER_NONNULL = YES;
				CLANG_ANALYZER_NUMBER_OBJECT_CONVERSION = YES_AGGRESSIVE;
				CLANG_CXX_LANGUAGE_STANDARD = "gnu++14";
				CLANG_CXX_LIBRARY = "libc++";
				CLANG_ENABLE_MODULES = YES;
				CLANG_ENABLE_OBJC_ARC = YES;
				CLANG_ENABLE_OBJC_WEAK = YES;
				CLANG_WARN_BLOCK_CAPTURE_AUTORELEASING = YES;
				CLANG_WARN_BOOL_CONVERSION = YES;
				CLANG_WARN_COMMA = YES;
				CLANG_WARN_CONSTANT_CONVERSION = YES;
				CLANG_WARN_DEPRECATED_OBJC_IMPLEMENTATIONS = YES;
				CLANG_WARN_DIRECT_OBJC_ISA_USAGE = YES_ERROR;
				CLANG_WARN_DOCUMENTATION_COMMENTS = YES;
				CLANG_WARN_EMPTY_BODY = YES;
				CLANG_WARN_ENUM_CONVERSION = YES;
				CLANG_WARN_INFINITE_RECURSION = YES;
				CLANG_WARN_INT_CONVERSION = YES;
				CLANG_WARN_NON_LITERAL_NULL_CONVERSION = YES;
				CLANG_WARN_OBJC_IMPLICIT_RETAIN_SELF = YES;
				CLANG_WARN_OBJC_LITERAL_CONVERSION = YES;
				CLANG_WARN_OBJC_ROOT_CLASS = YES_ERROR;
				CLANG_WARN_QUOTED_INCLUDE_IN_FRAMEWORK_HEADER = YES;
				CLANG_WARN_RANGE_LOOP_ANALYSIS = YES;
				CLANG_WARN_STRICT_PROTOTYPES = YES;
				CLANG_WARN_SUSPICIOUS_MOVE = YES;
				CLANG_WARN_UNGUARDED_AVAILABILITY = YES_AGGRESSIVE;
				CLANG_WARN_UNREACHABLE_CODE = YES;
				CLANG_WARN__DUPLICATE_METHOD_MATCH = YES;
				COPY_PHASE_STRIP = NO;
				DEBUG_INFORMATION_FORMAT = dwarf;
				ENABLE_STRICT_OBJC_MSGSEND = YES;
				ENABLE_TESTABILITY = YES;
				GCC_C_LANGUAGE_STANDARD = gnu11;
				GCC_DYNAMIC_NO_PIC = NO;
				GCC_NO_COMMON_BLOCKS = YES;
				GCC_OPTIMIZATION_LEVEL = 0;
				GCC_PREPROCESSOR_DEFINITIONS = (
					"DEBUG=1",
					"$(inherited)",
				);
				GCC_WARN_64_TO_32_BIT_CONVERSION = YES;
				GCC_WARN_ABOUT_RETURN_TYPE = YES_ERROR;
				GCC_WARN_UNDECLARED_SELECTOR = YES;
				GCC_WARN_UNINITIALIZED_AUTOS = YES_AGGRESSIVE;
				GCC_WARN_UNUSED_FUNCTION = YES;
				GCC_WARN_UNUSED_VARIABLE = YES;
				IPHONEOS_DEPLOYMENT_TARGET = 14.5;
				MTL_ENABLE_DEBUG_INFO = INCLUDE_SOURCE;
				MTL_FAST_MATH = YES;
				ONLY_ACTIVE_ARCH = YES;
				SDKROOT = iphoneos;
				SWIFT_ACTIVE_COMPILATION_CONDITIONS = DEBUG;
				SWIFT_OPTIMIZATION_LEVEL = "-Onone";
			};
			name = Debug;
		};
		B4C4577A275869D50012C257 /* Release */ = {
			isa = XCBuildConfiguration;
			buildSettings = {
				ALWAYS_SEARCH_USER_PATHS = NO;
				CLANG_ANALYZER_NONNULL = YES;
				CLANG_ANALYZER_NUMBER_OBJECT_CONVERSION = YES_AGGRESSIVE;
				CLANG_CXX_LANGUAGE_STANDARD = "gnu++14";
				CLANG_CXX_LIBRARY = "libc++";
				CLANG_ENABLE_MODULES = YES;
				CLANG_ENABLE_OBJC_ARC = YES;
				CLANG_ENABLE_OBJC_WEAK = YES;
				CLANG_WARN_BLOCK_CAPTURE_AUTORELEASING = YES;
				CLANG_WARN_BOOL_CONVERSION = YES;
				CLANG_WARN_COMMA = YES;
				CLANG_WARN_CONSTANT_CONVERSION = YES;
				CLANG_WARN_DEPRECATED_OBJC_IMPLEMENTATIONS = YES;
				CLANG_WARN_DIRECT_OBJC_ISA_USAGE = YES_ERROR;
				CLANG_WARN_DOCUMENTATION_COMMENTS = YES;
				CLANG_WARN_EMPTY_BODY = YES;
				CLANG_WARN_ENUM_CONVERSION = YES;
				CLANG_WARN_INFINITE_RECURSION = YES;
				CLANG_WARN_INT_CONVERSION = YES;
				CLANG_WARN_NON_LITERAL_NULL_CONVERSION = YES;
				CLANG_WARN_OBJC_IMPLICIT_RETAIN_SELF = YES;
				CLANG_WARN_OBJC_LITERAL_CONVERSION = YES;
				CLANG_WARN_OBJC_ROOT_CLASS = YES_ERROR;
				CLANG_WARN_QUOTED_INCLUDE_IN_FRAMEWORK_HEADER = YES;
				CLANG_WARN_RANGE_LOOP_ANALYSIS = YES;
				CLANG_WARN_STRICT_PROTOTYPES = YES;
				CLANG_WARN_SUSPICIOUS_MOVE = YES;
				CLANG_WARN_UNGUARDED_AVAILABILITY = YES_AGGRESSIVE;
				CLANG_WARN_UNREACHABLE_CODE = YES;
				CLANG_WARN__DUPLICATE_METHOD_MATCH = YES;
				COPY_PHASE_STRIP = NO;
				DEBUG_INFORMATION_FORMAT = "dwarf-with-dsym";
				ENABLE_NS_ASSERTIONS = NO;
				ENABLE_STRICT_OBJC_MSGSEND = YES;
				GCC_C_LANGUAGE_STANDARD = gnu11;
				GCC_NO_COMMON_BLOCKS = YES;
				GCC_WARN_64_TO_32_BIT_CONVERSION = YES;
				GCC_WARN_ABOUT_RETURN_TYPE = YES_ERROR;
				GCC_WARN_UNDECLARED_SELECTOR = YES;
				GCC_WARN_UNINITIALIZED_AUTOS = YES_AGGRESSIVE;
				GCC_WARN_UNUSED_FUNCTION = YES;
				GCC_WARN_UNUSED_VARIABLE = YES;
				IPHONEOS_DEPLOYMENT_TARGET = 14.5;
				MTL_ENABLE_DEBUG_INFO = NO;
				MTL_FAST_MATH = YES;
				SDKROOT = iphoneos;
				SWIFT_COMPILATION_MODE = wholemodule;
				SWIFT_OPTIMIZATION_LEVEL = "-O";
				VALIDATE_PRODUCT = YES;
			};
			name = Release;
		};
		B4C4577C275869D50012C257 /* Debug */ = {
			isa = XCBuildConfiguration;
			buildSettings = {
				ASSETCATALOG_COMPILER_APPICON_NAME = AppIcon;
				ASSETCATALOG_COMPILER_GLOBAL_ACCENT_COLOR_NAME = AccentColor;
				CODE_SIGN_STYLE = Automatic;
				DEVELOPMENT_ASSET_PATHS = "\"metapass/Preview Content\"";
				DEVELOPMENT_TEAM = 5VNRG5FP78;
				ENABLE_PREVIEWS = YES;
				INFOPLIST_FILE = metapass/Info.plist;
				LD_RUNPATH_SEARCH_PATHS = (
					"$(inherited)",
					"@executable_path/Frameworks",
				);
				PRODUCT_BUNDLE_IDENTIFIER = com.Stone.metapass;
				PRODUCT_NAME = "$(TARGET_NAME)";
				SWIFT_VERSION = 5.0;
				TARGETED_DEVICE_FAMILY = "1,2";
			};
			name = Debug;
		};
		B4C4577D275869D50012C257 /* Release */ = {
			isa = XCBuildConfiguration;
			buildSettings = {
				ASSETCATALOG_COMPILER_APPICON_NAME = AppIcon;
				ASSETCATALOG_COMPILER_GLOBAL_ACCENT_COLOR_NAME = AccentColor;
				CODE_SIGN_STYLE = Automatic;
				DEVELOPMENT_ASSET_PATHS = "\"metapass/Preview Content\"";
				DEVELOPMENT_TEAM = 5VNRG5FP78;
				ENABLE_PREVIEWS = YES;
				INFOPLIST_FILE = metapass/Info.plist;
				LD_RUNPATH_SEARCH_PATHS = (
					"$(inherited)",
					"@executable_path/Frameworks",
				);
				PRODUCT_BUNDLE_IDENTIFIER = com.Stone.metapass;
				PRODUCT_NAME = "$(TARGET_NAME)";
				SWIFT_VERSION = 5.0;
				TARGETED_DEVICE_FAMILY = "1,2";
			};
			name = Release;
		};
		B4C4577F275869D50012C257 /* Debug */ = {
			isa = XCBuildConfiguration;
			buildSettings = {
				ALWAYS_EMBED_SWIFT_STANDARD_LIBRARIES = YES;
				BUNDLE_LOADER = "$(TEST_HOST)";
				CODE_SIGN_STYLE = Automatic;
				DEVELOPMENT_TEAM = 5VNRG5FP78;
				INFOPLIST_FILE = metapassTests/Info.plist;
				IPHONEOS_DEPLOYMENT_TARGET = 14.5;
				LD_RUNPATH_SEARCH_PATHS = (
					"$(inherited)",
					"@executable_path/Frameworks",
					"@loader_path/Frameworks",
				);
				PRODUCT_BUNDLE_IDENTIFIER = com.Stone.metapassTests;
				PRODUCT_NAME = "$(TARGET_NAME)";
				SWIFT_VERSION = 5.0;
				TARGETED_DEVICE_FAMILY = "1,2";
				TEST_HOST = "$(BUILT_PRODUCTS_DIR)/metapass.app/metapass";
			};
			name = Debug;
		};
		B4C45780275869D50012C257 /* Release */ = {
			isa = XCBuildConfiguration;
			buildSettings = {
				ALWAYS_EMBED_SWIFT_STANDARD_LIBRARIES = YES;
				BUNDLE_LOADER = "$(TEST_HOST)";
				CODE_SIGN_STYLE = Automatic;
				DEVELOPMENT_TEAM = 5VNRG5FP78;
				INFOPLIST_FILE = metapassTests/Info.plist;
				IPHONEOS_DEPLOYMENT_TARGET = 14.5;
				LD_RUNPATH_SEARCH_PATHS = (
					"$(inherited)",
					"@executable_path/Frameworks",
					"@loader_path/Frameworks",
				);
				PRODUCT_BUNDLE_IDENTIFIER = com.Stone.metapassTests;
				PRODUCT_NAME = "$(TARGET_NAME)";
				SWIFT_VERSION = 5.0;
				TARGETED_DEVICE_FAMILY = "1,2";
				TEST_HOST = "$(BUILT_PRODUCTS_DIR)/metapass.app/metapass";
			};
			name = Release;
		};
		B4C45782275869D50012C257 /* Debug */ = {
			isa = XCBuildConfiguration;
			buildSettings = {
				ALWAYS_EMBED_SWIFT_STANDARD_LIBRARIES = YES;
				CODE_SIGN_STYLE = Automatic;
				DEVELOPMENT_TEAM = 5VNRG5FP78;
				INFOPLIST_FILE = metapassUITests/Info.plist;
				LD_RUNPATH_SEARCH_PATHS = (
					"$(inherited)",
					"@executable_path/Frameworks",
					"@loader_path/Frameworks",
				);
				PRODUCT_BUNDLE_IDENTIFIER = com.Stone.metapassUITests;
				PRODUCT_NAME = "$(TARGET_NAME)";
				SWIFT_VERSION = 5.0;
				TARGETED_DEVICE_FAMILY = "1,2";
				TEST_TARGET_NAME = metapass;
			};
			name = Debug;
		};
		B4C45783275869D50012C257 /* Release */ = {
			isa = XCBuildConfiguration;
			buildSettings = {
				ALWAYS_EMBED_SWIFT_STANDARD_LIBRARIES = YES;
				CODE_SIGN_STYLE = Automatic;
				DEVELOPMENT_TEAM = 5VNRG5FP78;
				INFOPLIST_FILE = metapassUITests/Info.plist;
				LD_RUNPATH_SEARCH_PATHS = (
					"$(inherited)",
					"@executable_path/Frameworks",
					"@loader_path/Frameworks",
				);
				PRODUCT_BUNDLE_IDENTIFIER = com.Stone.metapassUITests;
				PRODUCT_NAME = "$(TARGET_NAME)";
				SWIFT_VERSION = 5.0;
				TARGETED_DEVICE_FAMILY = "1,2";
				TEST_TARGET_NAME = metapass;
			};
			name = Release;
		};
/* End XCBuildConfiguration section */

/* Begin XCConfigurationList section */
		B4C4574C275869D30012C257 /* Build configuration list for PBXProject "metapass" */ = {
			isa = XCConfigurationList;
			buildConfigurations = (
				B4C45779275869D50012C257 /* Debug */,
				B4C4577A275869D50012C257 /* Release */,
			);
			defaultConfigurationIsVisible = 0;
			defaultConfigurationName = Release;
		};
		B4C4577B275869D50012C257 /* Build configuration list for PBXNativeTarget "metapass" */ = {
			isa = XCConfigurationList;
			buildConfigurations = (
				B4C4577C275869D50012C257 /* Debug */,
				B4C4577D275869D50012C257 /* Release */,
			);
			defaultConfigurationIsVisible = 0;
			defaultConfigurationName = Release;
		};
		B4C4577E275869D50012C257 /* Build configuration list for PBXNativeTarget "metapassTests" */ = {
			isa = XCConfigurationList;
			buildConfigurations = (
				B4C4577F275869D50012C257 /* Debug */,
				B4C45780275869D50012C257 /* Release */,
			);
			defaultConfigurationIsVisible = 0;
			defaultConfigurationName = Release;
		};
		B4C45781275869D50012C257 /* Build configuration list for PBXNativeTarget "metapassUITests" */ = {
			isa = XCConfigurationList;
			buildConfigurations = (
				B4C45782275869D50012C257 /* Debug */,
				B4C45783275869D50012C257 /* Release */,
			);
			defaultConfigurationIsVisible = 0;
			defaultConfigurationName = Release;
		};
/* End XCConfigurationList section */
	};
	rootObject = B4C45749275869D30012C257 /* Project object */;
}
